// !$*UTF8*$!
{
	archiveVersion = 1;
	classes = {
	};
	objectVersion = 56;
	objects = {

/* Begin PBXBuildFile section */
		B9E5B3B52991BA130086EBE3 /* SampleLib.docc in Sources */ = {isa = PBXBuildFile; fileRef = B9E5B3B42991BA130086EBE3 /* SampleLib.docc */; };
		B9E5B3BB2991BA130086EBE3 /* SampleLib.framework in Frameworks */ = {isa = PBXBuildFile; fileRef = B9E5B3B02991BA130086EBE3 /* SampleLib.framework */; };
		B9E5B3C02991BA130086EBE3 /* SampleLibTests.swift in Sources */ = {isa = PBXBuildFile; fileRef = B9E5B3BF2991BA130086EBE3 /* SampleLibTests.swift */; };
		B9E5B3C12991BA130086EBE3 /* SampleLib.h in Headers */ = {isa = PBXBuildFile; fileRef = B9E5B3B32991BA130086EBE3 /* SampleLib.h */; settings = {ATTRIBUTES = (Public, ); }; };
		B9E5B3CB2991BDD90086EBE3 /* Sample.swift in Sources */ = {isa = PBXBuildFile; fileRef = B9E5B3CA2991BDD90086EBE3 /* Sample.swift */; };
/* End PBXBuildFile section */

/* Begin PBXContainerItemProxy section */
		B9E5B3BC2991BA130086EBE3 /* PBXContainerItemProxy */ = {
			isa = PBXContainerItemProxy;
			containerPortal = B9E5B3A72991BA130086EBE3 /* Project object */;
			proxyType = 1;
			remoteGlobalIDString = B9E5B3AF2991BA130086EBE3;
			remoteInfo = sample_pod;
		};
/* End PBXContainerItemProxy section */

/* Begin PBXFileReference section */
		B9E5B3B02991BA130086EBE3 /* SampleLib.framework */ = {isa = PBXFileReference; explicitFileType = wrapper.framework; includeInIndex = 0; path = SampleLib.framework; sourceTree = BUILT_PRODUCTS_DIR; };
		B9E5B3B32991BA130086EBE3 /* SampleLib.h */ = {isa = PBXFileReference; lastKnownFileType = sourcecode.c.h; path = SampleLib.h; sourceTree = "<group>"; };
		B9E5B3B42991BA130086EBE3 /* SampleLib.docc */ = {isa = PBXFileReference; lastKnownFileType = folder.documentationcatalog; path = SampleLib.docc; sourceTree = "<group>"; };
		B9E5B3BA2991BA130086EBE3 /* SampleLibTests.xctest */ = {isa = PBXFileReference; explicitFileType = wrapper.cfbundle; includeInIndex = 0; path = SampleLibTests.xctest; sourceTree = BUILT_PRODUCTS_DIR; };
		B9E5B3BF2991BA130086EBE3 /* SampleLibTests.swift */ = {isa = PBXFileReference; lastKnownFileType = sourcecode.swift; path = SampleLibTests.swift; sourceTree = "<group>"; };
		B9E5B3CA2991BDD90086EBE3 /* Sample.swift */ = {isa = PBXFileReference; lastKnownFileType = sourcecode.swift; path = Sample.swift; sourceTree = "<group>"; };
/* End PBXFileReference section */

/* Begin PBXFrameworksBuildPhase section */
		B9E5B3AD2991BA130086EBE3 /* Frameworks */ = {
			isa = PBXFrameworksBuildPhase;
			buildActionMask = 2147483647;
			files = (
			);
			runOnlyForDeploymentPostprocessing = 0;
		};
		B9E5B3B72991BA130086EBE3 /* Frameworks */ = {
			isa = PBXFrameworksBuildPhase;
			buildActionMask = 2147483647;
			files = (
				B9E5B3BB2991BA130086EBE3 /* SampleLib.framework in Frameworks */,
			);
			runOnlyForDeploymentPostprocessing = 0;
		};
/* End PBXFrameworksBuildPhase section */

/* Begin PBXGroup section */
		B9E5B3A62991BA130086EBE3 = {
			isa = PBXGroup;
			children = (
				B9E5B3B22991BA130086EBE3 /* SampleLib */,
				B9E5B3BE2991BA130086EBE3 /* SampleLibTests */,
				B9E5B3B12991BA130086EBE3 /* Products */,
			);
			sourceTree = "<group>";
		};
		B9E5B3B12991BA130086EBE3 /* Products */ = {
			isa = PBXGroup;
			children = (
				B9E5B3B02991BA130086EBE3 /* SampleLib.framework */,
				B9E5B3BA2991BA130086EBE3 /* SampleLibTests.xctest */,
			);
			name = Products;
			sourceTree = "<group>";
		};
		B9E5B3B22991BA130086EBE3 /* SampleLib */ = {
			isa = PBXGroup;
			children = (
				B9E5B3B32991BA130086EBE3 /* SampleLib.h */,
				B9E5B3B42991BA130086EBE3 /* SampleLib.docc */,
				B9E5B3CA2991BDD90086EBE3 /* Sample.swift */,
			);
			path = SampleLib;
			sourceTree = "<group>";
		};
		B9E5B3BE2991BA130086EBE3 /* SampleLibTests */ = {
			isa = PBXGroup;
			children = (
				B9E5B3BF2991BA130086EBE3 /* SampleLibTests.swift */,
			);
			path = SampleLibTests;
			sourceTree = "<group>";
		};
/* End PBXGroup section */

/* Begin PBXHeadersBuildPhase section */
		B9E5B3AB2991BA130086EBE3 /* Headers */ = {
			isa = PBXHeadersBuildPhase;
			buildActionMask = 2147483647;
			files = (
				B9E5B3C12991BA130086EBE3 /* SampleLib.h in Headers */,
			);
			runOnlyForDeploymentPostprocessing = 0;
		};
/* End PBXHeadersBuildPhase section */

/* Begin PBXNativeTarget section */
		B9E5B3AF2991BA130086EBE3 /* SampleLib */ = {
			isa = PBXNativeTarget;
			buildConfigurationList = B9E5B3C42991BA130086EBE3 /* Build configuration list for PBXNativeTarget "SampleLib" */;
			buildPhases = (
				B9E5B3AB2991BA130086EBE3 /* Headers */,
				B9E5B3AC2991BA130086EBE3 /* Sources */,
				B9E5B3AD2991BA130086EBE3 /* Frameworks */,
				B9E5B3AE2991BA130086EBE3 /* Resources */,
			);
			buildRules = (
			);
			dependencies = (
			);
			name = SampleLib;
			productName = sample_pod;
			productReference = B9E5B3B02991BA130086EBE3 /* SampleLib.framework */;
			productType = "com.apple.product-type.framework";
		};
		B9E5B3B92991BA130086EBE3 /* SampleLibTests */ = {
			isa = PBXNativeTarget;
			buildConfigurationList = B9E5B3C72991BA130086EBE3 /* Build configuration list for PBXNativeTarget "SampleLibTests" */;
			buildPhases = (
				B9E5B3B62991BA130086EBE3 /* Sources */,
				B9E5B3B72991BA130086EBE3 /* Frameworks */,
				B9E5B3B82991BA130086EBE3 /* Resources */,
			);
			buildRules = (
			);
			dependencies = (
				B9E5B3BD2991BA130086EBE3 /* PBXTargetDependency */,
			);
			name = SampleLibTests;
			productName = sample_podTests;
			productReference = B9E5B3BA2991BA130086EBE3 /* SampleLibTests.xctest */;
			productType = "com.apple.product-type.bundle.unit-test";
		};
/* End PBXNativeTarget section */

/* Begin PBXProject section */
		B9E5B3A72991BA130086EBE3 /* Project object */ = {
			isa = PBXProject;
			attributes = {
				BuildIndependentTargetsInParallel = 1;
				LastSwiftUpdateCheck = 1420;
				LastUpgradeCheck = 1420;
				TargetAttributes = {
					B9E5B3AF2991BA130086EBE3 = {
						CreatedOnToolsVersion = 14.2;
					};
					B9E5B3B92991BA130086EBE3 = {
						CreatedOnToolsVersion = 14.2;
					};
				};
			};
			buildConfigurationList = B9E5B3AA2991BA130086EBE3 /* Build configuration list for PBXProject "SampleLib" */;
			compatibilityVersion = "Xcode 14.0";
			developmentRegion = en;
			hasScannedForEncodings = 0;
			knownRegions = (
				en,
				Base,
			);
			mainGroup = B9E5B3A62991BA130086EBE3;
			productRefGroup = B9E5B3B12991BA130086EBE3 /* Products */;
			projectDirPath = "";
			projectRoot = "";
			targets = (
				B9E5B3AF2991BA130086EBE3 /* SampleLib */,
				B9E5B3B92991BA130086EBE3 /* SampleLibTests */,
			);
		};
/* End PBXProject section */

/* Begin PBXResourcesBuildPhase section */
		B9E5B3AE2991BA130086EBE3 /* Resources */ = {
			isa = PBXResourcesBuildPhase;
			buildActionMask = 2147483647;
			files = (
			);
			runOnlyForDeploymentPostprocessing = 0;
		};
		B9E5B3B82991BA130086EBE3 /* Resources */ = {
			isa = PBXResourcesBuildPhase;
			buildActionMask = 2147483647;
			files = (
			);
			runOnlyForDeploymentPostprocessing = 0;
		};
/* End PBXResourcesBuildPhase section */

/* Begin PBXSourcesBuildPhase section */
		B9E5B3AC2991BA130086EBE3 /* Sources */ = {
			isa = PBXSourcesBuildPhase;
			buildActionMask = 2147483647;
			files = (
				B9E5B3B52991BA130086EBE3 /* SampleLib.docc in Sources */,
				B9E5B3CB2991BDD90086EBE3 /* Sample.swift in Sources */,
			);
			runOnlyForDeploymentPostprocessing = 0;
		};
		B9E5B3B62991BA130086EBE3 /* Sources */ = {
			isa = PBXSourcesBuildPhase;
			buildActionMask = 2147483647;
			files = (
				B9E5B3C02991BA130086EBE3 /* SampleLibTests.swift in Sources */,
			);
			runOnlyForDeploymentPostprocessing = 0;
		};
/* End PBXSourcesBuildPhase section */

/* Begin PBXTargetDependency section */
		B9E5B3BD2991BA130086EBE3 /* PBXTargetDependency */ = {
			isa = PBXTargetDependency;
			target = B9E5B3AF2991BA130086EBE3 /* SampleLib */;
			targetProxy = B9E5B3BC2991BA130086EBE3 /* PBXContainerItemProxy */;
		};
/* End PBXTargetDependency section */

/* Begin XCBuildConfiguration section */
		B9E5B3C22991BA130086EBE3 /* Debug */ = {
			isa = XCBuildConfiguration;
			buildSettings = {
				ALWAYS_SEARCH_USER_PATHS = NO;
				CLANG_ANALYZER_NONNULL = YES;
				CLANG_ANALYZER_NUMBER_OBJECT_CONVERSION = YES_AGGRESSIVE;
				CLANG_CXX_LANGUAGE_STANDARD = "gnu++20";
				CLANG_ENABLE_MODULES = YES;
				CLANG_ENABLE_OBJC_ARC = YES;
				CLANG_ENABLE_OBJC_WEAK = YES;
				CLANG_WARN_BLOCK_CAPTURE_AUTORELEASING = YES;
				CLANG_WARN_BOOL_CONVERSION = YES;
				CLANG_WARN_COMMA = YES;
				CLANG_WARN_CONSTANT_CONVERSION = YES;
				CLANG_WARN_DEPRECATED_OBJC_IMPLEMENTATIONS = YES;
				CLANG_WARN_DIRECT_OBJC_ISA_USAGE = YES_ERROR;
				CLANG_WARN_DOCUMENTATION_COMMENTS = YES;
				CLANG_WARN_EMPTY_BODY = YES;
				CLANG_WARN_ENUM_CONVERSION = YES;
				CLANG_WARN_INFINITE_RECURSION = YES;
				CLANG_WARN_INT_CONVERSION = YES;
				CLANG_WARN_NON_LITERAL_NULL_CONVERSION = YES;
				CLANG_WARN_OBJC_IMPLICIT_RETAIN_SELF = YES;
				CLANG_WARN_OBJC_LITERAL_CONVERSION = YES;
				CLANG_WARN_OBJC_ROOT_CLASS = YES_ERROR;
				CLANG_WARN_QUOTED_INCLUDE_IN_FRAMEWORK_HEADER = YES;
				CLANG_WARN_RANGE_LOOP_ANALYSIS = YES;
				CLANG_WARN_STRICT_PROTOTYPES = YES;
				CLANG_WARN_SUSPICIOUS_MOVE = YES;
				CLANG_WARN_UNGUARDED_AVAILABILITY = YES_AGGRESSIVE;
				CLANG_WARN_UNREACHABLE_CODE = YES;
				CLANG_WARN__DUPLICATE_METHOD_MATCH = YES;
				COPY_PHASE_STRIP = NO;
				CURRENT_PROJECT_VERSION = 1;
				DEBUG_INFORMATION_FORMAT = dwarf;
				ENABLE_STRICT_OBJC_MSGSEND = YES;
				ENABLE_TESTABILITY = YES;
				GCC_C_LANGUAGE_STANDARD = gnu11;
				GCC_DYNAMIC_NO_PIC = NO;
				GCC_NO_COMMON_BLOCKS = YES;
				GCC_OPTIMIZATION_LEVEL = 0;
				GCC_PREPROCESSOR_DEFINITIONS = (
					"DEBUG=1",
					"$(inherited)",
				);
				GCC_WARN_64_TO_32_BIT_CONVERSION = YES;
				GCC_WARN_ABOUT_RETURN_TYPE = YES_ERROR;
				GCC_WARN_UNDECLARED_SELECTOR = YES;
				GCC_WARN_UNINITIALIZED_AUTOS = YES_AGGRESSIVE;
				GCC_WARN_UNUSED_FUNCTION = YES;
				GCC_WARN_UNUSED_VARIABLE = YES;
				IPHONEOS_DEPLOYMENT_TARGET = 16.2;
				MTL_ENABLE_DEBUG_INFO = INCLUDE_SOURCE;
				MTL_FAST_MATH = YES;
				ONLY_ACTIVE_ARCH = YES;
				SDKROOT = iphoneos;
				SWIFT_ACTIVE_COMPILATION_CONDITIONS = DEBUG;
				SWIFT_OPTIMIZATION_LEVEL = "-Onone";
				VERSIONING_SYSTEM = "apple-generic";
				VERSION_INFO_PREFIX = "";
			};
			name = Debug;
		};
		B9E5B3C32991BA130086EBE3 /* Release */ = {
			isa = XCBuildConfiguration;
			buildSettings = {
				ALWAYS_SEARCH_USER_PATHS = NO;
				CLANG_ANALYZER_NONNULL = YES;
				CLANG_ANALYZER_NUMBER_OBJECT_CONVERSION = YES_AGGRESSIVE;
				CLANG_CXX_LANGUAGE_STANDARD = "gnu++20";
				CLANG_ENABLE_MODULES = YES;
				CLANG_ENABLE_OBJC_ARC = YES;
				CLANG_ENABLE_OBJC_WEAK = YES;
				CLANG_WARN_BLOCK_CAPTURE_AUTORELEASING = YES;
				CLANG_WARN_BOOL_CONVERSION = YES;
				CLANG_WARN_COMMA = YES;
				CLANG_WARN_CONSTANT_CONVERSION = YES;
				CLANG_WARN_DEPRECATED_OBJC_IMPLEMENTATIONS = YES;
				CLANG_WARN_DIRECT_OBJC_ISA_USAGE = YES_ERROR;
				CLANG_WARN_DOCUMENTATION_COMMENTS = YES;
				CLANG_WARN_EMPTY_BODY = YES;
				CLANG_WARN_ENUM_CONVERSION = YES;
				CLANG_WARN_INFINITE_RECURSION = YES;
				CLANG_WARN_INT_CONVERSION = YES;
				CLANG_WARN_NON_LITERAL_NULL_CONVERSION = YES;
				CLANG_WARN_OBJC_IMPLICIT_RETAIN_SELF = YES;
				CLANG_WARN_OBJC_LITERAL_CONVERSION = YES;
				CLANG_WARN_OBJC_ROOT_CLASS = YES_ERROR;
				CLANG_WARN_QUOTED_INCLUDE_IN_FRAMEWORK_HEADER = YES;
				CLANG_WARN_RANGE_LOOP_ANALYSIS = YES;
				CLANG_WARN_STRICT_PROTOTYPES = YES;
				CLANG_WARN_SUSPICIOUS_MOVE = YES;
				CLANG_WARN_UNGUARDED_AVAILABILITY = YES_AGGRESSIVE;
				CLANG_WARN_UNREACHABLE_CODE = YES;
				CLANG_WARN__DUPLICATE_METHOD_MATCH = YES;
				COPY_PHASE_STRIP = NO;
				CURRENT_PROJECT_VERSION = 1;
				DEBUG_INFORMATION_FORMAT = "dwarf-with-dsym";
				ENABLE_NS_ASSERTIONS = NO;
				ENABLE_STRICT_OBJC_MSGSEND = YES;
				GCC_C_LANGUAGE_STANDARD = gnu11;
				GCC_NO_COMMON_BLOCKS = YES;
				GCC_WARN_64_TO_32_BIT_CONVERSION = YES;
				GCC_WARN_ABOUT_RETURN_TYPE = YES_ERROR;
				GCC_WARN_UNDECLARED_SELECTOR = YES;
				GCC_WARN_UNINITIALIZED_AUTOS = YES_AGGRESSIVE;
				GCC_WARN_UNUSED_FUNCTION = YES;
				GCC_WARN_UNUSED_VARIABLE = YES;
				IPHONEOS_DEPLOYMENT_TARGET = 16.2;
				MTL_ENABLE_DEBUG_INFO = NO;
				MTL_FAST_MATH = YES;
				SDKROOT = iphoneos;
				SWIFT_COMPILATION_MODE = wholemodule;
				SWIFT_OPTIMIZATION_LEVEL = "-O";
				VALIDATE_PRODUCT = YES;
				VERSIONING_SYSTEM = "apple-generic";
				VERSION_INFO_PREFIX = "";
			};
			name = Release;
		};
		B9E5B3C52991BA130086EBE3 /* Debug */ = {
			isa = XCBuildConfiguration;
			buildSettings = {
				CODE_SIGN_STYLE = Automatic;
				CURRENT_PROJECT_VERSION = 1;
				DEFINES_MODULE = YES;
				DYLIB_COMPATIBILITY_VERSION = 1;
				DYLIB_CURRENT_VERSION = 1;
				DYLIB_INSTALL_NAME_BASE = "@rpath";
				GENERATE_INFOPLIST_FILE = YES;
				INFOPLIST_KEY_NSHumanReadableCopyright = "";
				INSTALL_PATH = "$(LOCAL_LIBRARY_DIR)/Frameworks";
				LD_RUNPATH_SEARCH_PATHS = (
					"$(inherited)",
					"@executable_path/Frameworks",
					"@loader_path/Frameworks",
				);
				MARKETING_VERSION = 1.0;
				PRODUCT_BUNDLE_IDENTIFIER = "strysk.sample-pod";
				PRODUCT_NAME = "$(TARGET_NAME:c99extidentifier)";
				SKIP_INSTALL = YES;
				SWIFT_EMIT_LOC_STRINGS = YES;
				SWIFT_VERSION = 5.0;
				TARGETED_DEVICE_FAMILY = "1,2";
			};
			name = Debug;
		};
		B9E5B3C62991BA130086EBE3 /* Release */ = {
			isa = XCBuildConfiguration;
			buildSettings = {
				CODE_SIGN_STYLE = Automatic;
				CURRENT_PROJECT_VERSION = 1;
				DEFINES_MODULE = YES;
				DYLIB_COMPATIBILITY_VERSION = 1;
				DYLIB_CURRENT_VERSION = 1;
				DYLIB_INSTALL_NAME_BASE = "@rpath";
				GENERATE_INFOPLIST_FILE = YES;
				INFOPLIST_KEY_NSHumanReadableCopyright = "";
				INSTALL_PATH = "$(LOCAL_LIBRARY_DIR)/Frameworks";
				LD_RUNPATH_SEARCH_PATHS = (
					"$(inherited)",
					"@executable_path/Frameworks",
					"@loader_path/Frameworks",
				);
				MARKETING_VERSION = 1.0;
				PRODUCT_BUNDLE_IDENTIFIER = "strysk.sample-pod";
				PRODUCT_NAME = "$(TARGET_NAME:c99extidentifier)";
				SKIP_INSTALL = YES;
				SWIFT_EMIT_LOC_STRINGS = YES;
				SWIFT_VERSION = 5.0;
				TARGETED_DEVICE_FAMILY = "1,2";
			};
			name = Release;
		};
		B9E5B3C82991BA130086EBE3 /* Debug */ = {
			isa = XCBuildConfiguration;
			buildSettings = {
				ALWAYS_EMBED_SWIFT_STANDARD_LIBRARIES = YES;
				CODE_SIGN_STYLE = Automatic;
				CURRENT_PROJECT_VERSION = 1;
				GENERATE_INFOPLIST_FILE = YES;
				MARKETING_VERSION = 1.0;
				PRODUCT_BUNDLE_IDENTIFIER = "strysk.sample-podTests";
				PRODUCT_NAME = "$(TARGET_NAME)";
				SWIFT_EMIT_LOC_STRINGS = NO;
				SWIFT_VERSION = 5.0;
				TARGETED_DEVICE_FAMILY = "1,2";
			};
			name = Debug;
		};
		B9E5B3C92991BA130086EBE3 /* Release */ = {
			isa = XCBuildConfiguration;
			buildSettings = {
				ALWAYS_EMBED_SWIFT_STANDARD_LIBRARIES = YES;
				CODE_SIGN_STYLE = Automatic;
				CURRENT_PROJECT_VERSION = 1;
				GENERATE_INFOPLIST_FILE = YES;
				MARKETING_VERSION = 1.0;
				PRODUCT_BUNDLE_IDENTIFIER = "strysk.sample-podTests";
				PRODUCT_NAME = "$(TARGET_NAME)";
				SWIFT_EMIT_LOC_STRINGS = NO;
				SWIFT_VERSION = 5.0;
				TARGETED_DEVICE_FAMILY = "1,2";
			};
			name = Release;
		};
/* End XCBuildConfiguration section */

/* Begin XCConfigurationList section */
		B9E5B3AA2991BA130086EBE3 /* Build configuration list for PBXProject "SampleLib" */ = {
			isa = XCConfigurationList;
			buildConfigurations = (
				B9E5B3C22991BA130086EBE3 /* Debug */,
				B9E5B3C32991BA130086EBE3 /* Release */,
			);
			defaultConfigurationIsVisible = 0;
			defaultConfigurationName = Release;
		};
		B9E5B3C42991BA130086EBE3 /* Build configuration list for PBXNativeTarget "SampleLib" */ = {
			isa = XCConfigurationList;
			buildConfigurations = (
				B9E5B3C52991BA130086EBE3 /* Debug */,
				B9E5B3C62991BA130086EBE3 /* Release */,
			);
			defaultConfigurationIsVisible = 0;
			defaultConfigurationName = Release;
		};
		B9E5B3C72991BA130086EBE3 /* Build configuration list for PBXNativeTarget "SampleLibTests" */ = {
			isa = XCConfigurationList;
			buildConfigurations = (
				B9E5B3C82991BA130086EBE3 /* Debug */,
				B9E5B3C92991BA130086EBE3 /* Release */,
			);
			defaultConfigurationIsVisible = 0;
			defaultConfigurationName = Release;
		};
/* End XCConfigurationList section */
	};
	rootObject = B9E5B3A72991BA130086EBE3 /* Project object */;
}
